// !$*UTF8*$!
{
	archiveVersion = 1;
	classes = {
	};
	objectVersion = 46;
	objects = {

/* Begin PBXBuildFile section */
		4306C8E41E46392E00D341F6 /* AppDelegate.swift in Sources */ = {isa = PBXBuildFile; fileRef = 4306C8E31E46392E00D341F6 /* AppDelegate.swift */; };
		4306C8E61E46392E00D341F6 /* HomeViewController.swift in Sources */ = {isa = PBXBuildFile; fileRef = 4306C8E51E46392E00D341F6 /* HomeViewController.swift */; };
		4306C8E91E46392E00D341F6 /* Main.storyboard in Resources */ = {isa = PBXBuildFile; fileRef = 4306C8E71E46392E00D341F6 /* Main.storyboard */; };
		4306C8EB1E46392E00D341F6 /* Assets.xcassets in Resources */ = {isa = PBXBuildFile; fileRef = 4306C8EA1E46392E00D341F6 /* Assets.xcassets */; };
		4306C8EE1E46392E00D341F6 /* LaunchScreen.storyboard in Resources */ = {isa = PBXBuildFile; fileRef = 4306C8EC1E46392E00D341F6 /* LaunchScreen.storyboard */; };
		43EB30481E464BD5008AB457 /* OrderTableViewCell.swift in Sources */ = {isa = PBXBuildFile; fileRef = 43EB30471E464BD5008AB457 /* OrderTableViewCell.swift */; };
		4AA8341BBA0217A3EF4B952A /* Pods_Quick.framework in Frameworks */ = {isa = PBXBuildFile; fileRef = 283758EBA1D141BD7C202EE5 /* Pods_Quick.framework */; };
/* End PBXBuildFile section */

/* Begin PBXFileReference section */
		283758EBA1D141BD7C202EE5 /* Pods_Quick.framework */ = {isa = PBXFileReference; explicitFileType = wrapper.framework; includeInIndex = 0; path = Pods_Quick.framework; sourceTree = BUILT_PRODUCTS_DIR; };
		4306C8E01E46392E00D341F6 /* Quick.app */ = {isa = PBXFileReference; explicitFileType = wrapper.application; includeInIndex = 0; path = Quick.app; sourceTree = BUILT_PRODUCTS_DIR; };
		4306C8E31E46392E00D341F6 /* AppDelegate.swift */ = {isa = PBXFileReference; lastKnownFileType = sourcecode.swift; path = AppDelegate.swift; sourceTree = "<group>"; };
		4306C8E51E46392E00D341F6 /* HomeViewController.swift */ = {isa = PBXFileReference; lastKnownFileType = sourcecode.swift; path = HomeViewController.swift; sourceTree = "<group>"; };
		4306C8E81E46392E00D341F6 /* Base */ = {isa = PBXFileReference; lastKnownFileType = file.storyboard; name = Base; path = Base.lproj/Main.storyboard; sourceTree = "<group>"; };
		4306C8EA1E46392E00D341F6 /* Assets.xcassets */ = {isa = PBXFileReference; lastKnownFileType = folder.assetcatalog; path = Assets.xcassets; sourceTree = "<group>"; };
		4306C8ED1E46392E00D341F6 /* Base */ = {isa = PBXFileReference; lastKnownFileType = file.storyboard; name = Base; path = Base.lproj/LaunchScreen.storyboard; sourceTree = "<group>"; };
		4306C8EF1E46392E00D341F6 /* Info.plist */ = {isa = PBXFileReference; lastKnownFileType = text.plist.xml; path = Info.plist; sourceTree = "<group>"; };
		43EB30471E464BD5008AB457 /* OrderTableViewCell.swift */ = {isa = PBXFileReference; fileEncoding = 4; lastKnownFileType = sourcecode.swift; path = OrderTableViewCell.swift; sourceTree = "<group>"; };
		AD3A25168AE2B2ADB6A360E7 /* Pods-Quick.release.xcconfig */ = {isa = PBXFileReference; includeInIndex = 1; lastKnownFileType = text.xcconfig; name = "Pods-Quick.release.xcconfig"; path = "Pods/Target Support Files/Pods-Quick/Pods-Quick.release.xcconfig"; sourceTree = "<group>"; };
		C05ADE1E7C8EDAF2168F9A97 /* Pods-Quick.debug.xcconfig */ = {isa = PBXFileReference; includeInIndex = 1; lastKnownFileType = text.xcconfig; name = "Pods-Quick.debug.xcconfig"; path = "Pods/Target Support Files/Pods-Quick/Pods-Quick.debug.xcconfig"; sourceTree = "<group>"; };
/* End PBXFileReference section */

/* Begin PBXFrameworksBuildPhase section */
		4306C8DD1E46392E00D341F6 /* Frameworks */ = {
			isa = PBXFrameworksBuildPhase;
			buildActionMask = 2147483647;
			files = (
				4AA8341BBA0217A3EF4B952A /* Pods_Quick.framework in Frameworks */,
			);
			runOnlyForDeploymentPostprocessing = 0;
		};
/* End PBXFrameworksBuildPhase section */

/* Begin PBXGroup section */
		0590B732C40A56A64106D254 /* Frameworks */ = {
			isa = PBXGroup;
			children = (
				283758EBA1D141BD7C202EE5 /* Pods_Quick.framework */,
			);
			name = Frameworks;
			sourceTree = "<group>";
		};
		4306C8D71E46392E00D341F6 = {
			isa = PBXGroup;
			children = (
				4306C8E21E46392E00D341F6 /* Quick */,
				4306C8E11E46392E00D341F6 /* Products */,
				ED53CB37B22564C2976D7182 /* Pods */,
				0590B732C40A56A64106D254 /* Frameworks */,
			);
			sourceTree = "<group>";
		};
		4306C8E11E46392E00D341F6 /* Products */ = {
			isa = PBXGroup;
			children = (
				4306C8E01E46392E00D341F6 /* Quick.app */,
			);
			name = Products;
			sourceTree = "<group>";
		};
		4306C8E21E46392E00D341F6 /* Quick */ = {
			isa = PBXGroup;
			children = (
				4306C8E31E46392E00D341F6 /* AppDelegate.swift */,
				4306C8E51E46392E00D341F6 /* HomeViewController.swift */,
				43EB30471E464BD5008AB457 /* OrderTableViewCell.swift */,
				4306C8E71E46392E00D341F6 /* Main.storyboard */,
				4306C8EA1E46392E00D341F6 /* Assets.xcassets */,
				4306C8EC1E46392E00D341F6 /* LaunchScreen.storyboard */,
				4306C8EF1E46392E00D341F6 /* Info.plist */,
			);
			path = Quick;
			sourceTree = "<group>";
		};
		ED53CB37B22564C2976D7182 /* Pods */ = {
			isa = PBXGroup;
			children = (
				C05ADE1E7C8EDAF2168F9A97 /* Pods-Quick.debug.xcconfig */,
				AD3A25168AE2B2ADB6A360E7 /* Pods-Quick.release.xcconfig */,
			);
			name = Pods;
			sourceTree = "<group>";
		};
/* End PBXGroup section */

/* Begin PBXNativeTarget section */
		4306C8DF1E46392E00D341F6 /* Quick */ = {
			isa = PBXNativeTarget;
			buildConfigurationList = 4306C8F21E46392E00D341F6 /* Build configuration list for PBXNativeTarget "Quick" */;
			buildPhases = (
				D8CE796CA7CB920371708FB2 /* [CP] Check Pods Manifest.lock */,
				4306C8DC1E46392E00D341F6 /* Sources */,
				4306C8DD1E46392E00D341F6 /* Frameworks */,
				4306C8DE1E46392E00D341F6 /* Resources */,
				DF82BE72996025B523F7318D /* [CP] Embed Pods Frameworks */,
				F00497F00D93458D50E29540 /* [CP] Copy Pods Resources */,
			);
			buildRules = (
			);
			dependencies = (
			);
			name = Quick;
			productName = Quick;
			productReference = 4306C8E01E46392E00D341F6 /* Quick.app */;
			productType = "com.apple.product-type.application";
		};
/* End PBXNativeTarget section */

/* Begin PBXProject section */
		4306C8D81E46392E00D341F6 /* Project object */ = {
			isa = PBXProject;
			attributes = {
				LastSwiftUpdateCheck = 0820;
				LastUpgradeCheck = 0820;
				ORGANIZATIONNAME = "Jake Saferstein";
				TargetAttributes = {
					4306C8DF1E46392E00D341F6 = {
						CreatedOnToolsVersion = 8.2.1;
						DevelopmentTeam = EYAM5ZUJCY;
						ProvisioningStyle = Automatic;
					};
				};
			};
			buildConfigurationList = 4306C8DB1E46392E00D341F6 /* Build configuration list for PBXProject "Quick" */;
			compatibilityVersion = "Xcode 3.2";
			developmentRegion = English;
			hasScannedForEncodings = 0;
			knownRegions = (
				en,
				Base,
			);
			mainGroup = 4306C8D71E46392E00D341F6;
			productRefGroup = 4306C8E11E46392E00D341F6 /* Products */;
			projectDirPath = "";
			projectRoot = "";
			targets = (
				4306C8DF1E46392E00D341F6 /* Quick */,
			);
		};
/* End PBXProject section */

/* Begin PBXResourcesBuildPhase section */
		4306C8DE1E46392E00D341F6 /* Resources */ = {
			isa = PBXResourcesBuildPhase;
			buildActionMask = 2147483647;
			files = (
				4306C8EE1E46392E00D341F6 /* LaunchScreen.storyboard in Resources */,
				4306C8EB1E46392E00D341F6 /* Assets.xcassets in Resources */,
				4306C8E91E46392E00D341F6 /* Main.storyboard in Resources */,
			);
			runOnlyForDeploymentPostprocessing = 0;
		};
/* End PBXResourcesBuildPhase section */

/* Begin PBXShellScriptBuildPhase section */
		D8CE796CA7CB920371708FB2 /* [CP] Check Pods Manifest.lock */ = {
			isa = PBXShellScriptBuildPhase;
			buildActionMask = 2147483647;
			files = (
			);
			inputPaths = (
			);
			name = "[CP] Check Pods Manifest.lock";
			outputPaths = (
			);
			runOnlyForDeploymentPostprocessing = 0;
			shellPath = /bin/sh;
			shellScript = "diff \"${PODS_ROOT}/../Podfile.lock\" \"${PODS_ROOT}/Manifest.lock\" > /dev/null\nif [ $? != 0 ] ; then\n    # print error to STDERR\n    echo \"error: The sandbox is not in sync with the Podfile.lock. Run 'pod install' or update your CocoaPods installation.\" >&2\n    exit 1\nfi\n";
			showEnvVarsInLog = 0;
		};
		DF82BE72996025B523F7318D /* [CP] Embed Pods Frameworks */ = {
			isa = PBXShellScriptBuildPhase;
			buildActionMask = 2147483647;
			files = (
			);
			inputPaths = (
			);
			name = "[CP] Embed Pods Frameworks";
			outputPaths = (
			);
			runOnlyForDeploymentPostprocessing = 0;
			shellPath = /bin/sh;
			shellScript = "\"${SRCROOT}/Pods/Target Support Files/Pods-Quick/Pods-Quick-frameworks.sh\"\n";
			showEnvVarsInLog = 0;
		};
		F00497F00D93458D50E29540 /* [CP] Copy Pods Resources */ = {
			isa = PBXShellScriptBuildPhase;
			buildActionMask = 2147483647;
			files = (
			);
			inputPaths = (
			);
			name = "[CP] Copy Pods Resources";
			outputPaths = (
			);
			runOnlyForDeploymentPostprocessing = 0;
			shellPath = /bin/sh;
			shellScript = "\"${SRCROOT}/Pods/Target Support Files/Pods-Quick/Pods-Quick-resources.sh\"\n";
			showEnvVarsInLog = 0;
		};
/* End PBXShellScriptBuildPhase section */

/* Begin PBXSourcesBuildPhase section */
		4306C8DC1E46392E00D341F6 /* Sources */ = {
			isa = PBXSourcesBuildPhase;
			buildActionMask = 2147483647;
			files = (
				43EB30481E464BD5008AB457 /* OrderTableViewCell.swift in Sources */,
				4306C8E61E46392E00D341F6 /* HomeViewController.swift in Sources */,
				4306C8E41E46392E00D341F6 /* AppDelegate.swift in Sources */,
			);
			runOnlyForDeploymentPostprocessing = 0;
		};
/* End PBXSourcesBuildPhase section */

/* Begin PBXVariantGroup section */
		4306C8E71E46392E00D341F6 /* Main.storyboard */ = {
			isa = PBXVariantGroup;
			children = (
				4306C8E81E46392E00D341F6 /* Base */,
			);
			name = Main.storyboard;
			sourceTree = "<group>";
		};
		4306C8EC1E46392E00D341F6 /* LaunchScreen.storyboard */ = {
			isa = PBXVariantGroup;
			children = (
				4306C8ED1E46392E00D341F6 /* Base */,
			);
			name = LaunchScreen.storyboard;
			sourceTree = "<group>";
		};
/* End PBXVariantGroup section */

/* Begin XCBuildConfiguration section */
		4306C8F01E46392E00D341F6 /* Debug */ = {
			isa = XCBuildConfiguration;
			buildSettings = {
				ALWAYS_SEARCH_USER_PATHS = NO;
				CLANG_ANALYZER_NONNULL = YES;
				CLANG_CXX_LANGUAGE_STANDARD = "gnu++0x";
				CLANG_CXX_LIBRARY = "libc++";
				CLANG_ENABLE_MODULES = YES;
				CLANG_ENABLE_OBJC_ARC = YES;
				CLANG_WARN_BOOL_CONVERSION = YES;
				CLANG_WARN_CONSTANT_CONVERSION = YES;
				CLANG_WARN_DIRECT_OBJC_ISA_USAGE = YES_ERROR;
				CLANG_WARN_DOCUMENTATION_COMMENTS = YES;
				CLANG_WARN_EMPTY_BODY = YES;
				CLANG_WARN_ENUM_CONVERSION = YES;
				CLANG_WARN_INFINITE_RECURSION = YES;
				CLANG_WARN_INT_CONVERSION = YES;
				CLANG_WARN_OBJC_ROOT_CLASS = YES_ERROR;
				CLANG_WARN_SUSPICIOUS_MOVE = YES;
				CLANG_WARN_UNREACHABLE_CODE = YES;
				CLANG_WARN__DUPLICATE_METHOD_MATCH = YES;
				"CODE_SIGN_IDENTITY[sdk=iphoneos*]" = "iPhone Developer";
				COPY_PHASE_STRIP = NO;
				DEBUG_INFORMATION_FORMAT = dwarf;
				ENABLE_STRICT_OBJC_MSGSEND = YES;
				ENABLE_TESTABILITY = YES;
				GCC_C_LANGUAGE_STANDARD = gnu99;
				GCC_DYNAMIC_NO_PIC = NO;
				GCC_NO_COMMON_BLOCKS = YES;
				GCC_OPTIMIZATION_LEVEL = 0;
				GCC_PREPROCESSOR_DEFINITIONS = (
					"DEBUG=1",
					"$(inherited)",
				);
				GCC_WARN_64_TO_32_BIT_CONVERSION = YES;
				GCC_WARN_ABOUT_RETURN_TYPE = YES_ERROR;
				GCC_WARN_UNDECLARED_SELECTOR = YES;
				GCC_WARN_UNINITIALIZED_AUTOS = YES_AGGRESSIVE;
				GCC_WARN_UNUSED_FUNCTION = YES;
				GCC_WARN_UNUSED_VARIABLE = YES;
				IPHONEOS_DEPLOYMENT_TARGET = 10.2;
				MTL_ENABLE_DEBUG_INFO = YES;
				ONLY_ACTIVE_ARCH = YES;
				SDKROOT = iphoneos;
				SWIFT_ACTIVE_COMPILATION_CONDITIONS = DEBUG;
				SWIFT_OPTIMIZATION_LEVEL = "-Onone";
				TARGETED_DEVICE_FAMILY = "1,2";
			};
			name = Debug;
		};
		4306C8F11E46392E00D341F6 /* Release */ = {
			isa = XCBuildConfiguration;
			buildSettings = {
				ALWAYS_SEARCH_USER_PATHS = NO;
				CLANG_ANALYZER_NONNULL = YES;
				CLANG_CXX_LANGUAGE_STANDARD = "gnu++0x";
				CLANG_CXX_LIBRARY = "libc++";
				CLANG_ENABLE_MODULES = YES;
				CLANG_ENABLE_OBJC_ARC = YES;
				CLANG_WARN_BOOL_CONVERSION = YES;
				CLANG_WARN_CONSTANT_CONVERSION = YES;
				CLANG_WARN_DIRECT_OBJC_ISA_USAGE = YES_ERROR;
				CLANG_WARN_DOCUMENTATION_COMMENTS = YES;
				CLANG_WARN_EMPTY_BODY = YES;
				CLANG_WARN_ENUM_CONVERSION = YES;
				CLANG_WARN_INFINITE_RECURSION = YES;
				CLANG_WARN_INT_CONVERSION = YES;
				CLANG_WARN_OBJC_ROOT_CLASS = YES_ERROR;
				CLANG_WARN_SUSPICIOUS_MOVE = YES;
				CLANG_WARN_UNREACHABLE_CODE = YES;
				CLANG_WARN__DUPLICATE_METHOD_MATCH = YES;
				"CODE_SIGN_IDENTITY[sdk=iphoneos*]" = "iPhone Developer";
				COPY_PHASE_STRIP = NO;
				DEBUG_INFORMATION_FORMAT = "dwarf-with-dsym";
				ENABLE_NS_ASSERTIONS = NO;
				ENABLE_STRICT_OBJC_MSGSEND = YES;
				GCC_C_LANGUAGE_STANDARD = gnu99;
				GCC_NO_COMMON_BLOCKS = YES;
				GCC_WARN_64_TO_32_BIT_CONVERSION = YES;
				GCC_WARN_ABOUT_RETURN_TYPE = YES_ERROR;
				GCC_WARN_UNDECLARED_SELECTOR = YES;
				GCC_WARN_UNINITIALIZED_AUTOS = YES_AGGRESSIVE;
				GCC_WARN_UNUSED_FUNCTION = YES;
				GCC_WARN_UNUSED_VARIABLE = YES;
				IPHONEOS_DEPLOYMENT_TARGET = 10.2;
				MTL_ENABLE_DEBUG_INFO = NO;
				SDKROOT = iphoneos;
				SWIFT_OPTIMIZATION_LEVEL = "-Owholemodule";
				TARGETED_DEVICE_FAMILY = "1,2";
				VALIDATE_PRODUCT = YES;
			};
			name = Release;
		};
		4306C8F31E46392E00D341F6 /* Debug */ = {
			isa = XCBuildConfiguration;
			baseConfigurationReference = C05ADE1E7C8EDAF2168F9A97 /* Pods-Quick.debug.xcconfig */;
			buildSettings = {
				ASSETCATALOG_COMPILER_APPICON_NAME = AppIcon;
				DEVELOPMENT_TEAM = EYAM5ZUJCY;
				INFOPLIST_FILE = Quick/Info.plist;
				LD_RUNPATH_SEARCH_PATHS = "$(inherited) @executable_path/Frameworks";
				PRODUCT_BUNDLE_IDENTIFIER = com.gmail.JakeSafo.Quick;
				PRODUCT_NAME = "$(TARGET_NAME)";
				SWIFT_VERSION = 3.0;
			};
			name = Debug;
		};
		4306C8F41E46392E00D341F6 /* Release */ = {
			isa = XCBuildConfiguration;
			baseConfigurationReference = AD3A25168AE2B2ADB6A360E7 /* Pods-Quick.release.xcconfig */;
			buildSettings = {
				ASSETCATALOG_COMPILER_APPICON_NAME = AppIcon;
				DEVELOPMENT_TEAM = EYAM5ZUJCY;
				INFOPLIST_FILE = Quick/Info.plist;
				LD_RUNPATH_SEARCH_PATHS = "$(inherited) @executable_path/Frameworks";
				PRODUCT_BUNDLE_IDENTIFIER = com.gmail.JakeSafo.Quick;
				PRODUCT_NAME = "$(TARGET_NAME)";
				SWIFT_VERSION = 3.0;
			};
			name = Release;
		};
/* End XCBuildConfiguration section */

/* Begin XCConfigurationList section */
		4306C8DB1E46392E00D341F6 /* Build configuration list for PBXProject "Quick" */ = {
			isa = XCConfigurationList;
			buildConfigurations = (
				4306C8F01E46392E00D341F6 /* Debug */,
				4306C8F11E46392E00D341F6 /* Release */,
			);
			defaultConfigurationIsVisible = 0;
			defaultConfigurationName = Release;
		};
		4306C8F21E46392E00D341F6 /* Build configuration list for PBXNativeTarget "Quick" */ = {
			isa = XCConfigurationList;
			buildConfigurations = (
				4306C8F31E46392E00D341F6 /* Debug */,
				4306C8F41E46392E00D341F6 /* Release */,
			);
			defaultConfigurationIsVisible = 0;
			defaultConfigurationName = Release;
		};
/* End XCConfigurationList section */
	};
	rootObject = 4306C8D81E46392E00D341F6 /* Project object */;
}
